
Microsoft Visual Studio Solution File, Format Version 12.00
# Visual Studio Version 16
VisualStudioVersion = 16.0.30320.27
MinimumVisualStudioVersion = 10.0.40219.1
Project("{FAE04EC0-301F-11D3-BF4B-00C04F79EFBC}") = "PlanetsAndSpaceships", "PlanetsAndSpaceships\PlanetsAndSpaceships.csproj", "{CF1FEF80-D0B6-4A5B-88E6-9B837C52F5D1}"
EndProject
Global
	GlobalSection(SolutionConfigurationPlatforms) = preSolution
		Debug|Any CPU = Debug|Any CPU
		Release|Any CPU = Release|Any CPU
	EndGlobalSection
	GlobalSection(ProjectConfigurationPlatforms) = postSolution
		{CF1FEF80-D0B6-4A5B-88E6-9B837C52F5D1}.Debug|Any CPU.ActiveCfg = Debug|Any CPU
		{CF1FEF80-D0B6-4A5B-88E6-9B837C52F5D1}.Debug|Any CPU.Build.0 = Debug|Any CPU
		{CF1FEF80-D0B6-4A5B-88E6-9B837C52F5D1}.Release|Any CPU.ActiveCfg = Release|Any CPU
		{CF1FEF80-D0B6-4A5B-88E6-9B837C52F5D1}.Release|Any CPU.Build.0 = Release|Any CPU
	EndGlobalSection
	GlobalSection(SolutionProperties) = preSolution
		HideSolutionNode = FALSE
	EndGlobalSection
	GlobalSection(ExtensibilityGlobals) = postSolution
		SolutionGuid = {F81007E4-BF4A-4F2B-A2C7-98ED8E5F86DA}
	EndGlobalSection
EndGlobal
